
Microsoft Visual Studio Solution File, Format Version 12.00
# Visual Studio Version 16
VisualStudioVersion = 16.0.29728.190
MinimumVisualStudioVersion = 10.0.40219.1
Project("{FAE04EC0-301F-11D3-BF4B-00C04F79EFBC}") = "CMSComputersWPF", "CMSComputers\CMSComputersWPF.csproj", "{482E0423-D903-49DE-BA85-D78D13B78533}"
	ProjectSection(ProjectDependencies) = postProject
		{6BDF2089-E6ED-4605-80CA-B45516A042E7} = {6BDF2089-E6ED-4605-80CA-B45516A042E7}
		{E559D78A-0E87-4FE6-A00F-EBB276BB4901} = {E559D78A-0E87-4FE6-A00F-EBB276BB4901}
	EndProjectSection
EndProject
Project("{FAE04EC0-301F-11D3-BF4B-00C04F79EFBC}") = "BusinessLogic", "BusinessLogic\BusinessLogic.csproj", "{6BDF2089-E6ED-4605-80CA-B45516A042E7}"
	ProjectSection(ProjectDependencies) = postProject
		{E559D78A-0E87-4FE6-A00F-EBB276BB4901} = {E559D78A-0E87-4FE6-A00F-EBB276BB4901}
	EndProjectSection
EndProject
Project("{FAE04EC0-301F-11D3-BF4B-00C04F79EFBC}") = "BusinessObjects", "BusinessObjects\BusinessObjects.csproj", "{E559D78A-0E87-4FE6-A00F-EBB276BB4901}"
EndProject
Project("{FAE04EC0-301F-11D3-BF4B-00C04F79EFBC}") = "DataAccessObjects", "DataAccessObjects\DataAccessObjects.csproj", "{28C16402-14FA-452F-8708-06DE7C43866E}"
	ProjectSection(ProjectDependencies) = postProject
		{E559D78A-0E87-4FE6-A00F-EBB276BB4901} = {E559D78A-0E87-4FE6-A00F-EBB276BB4901}
	EndProjectSection
EndProject
Project("{FAE04EC0-301F-11D3-BF4B-00C04F79EFBC}") = "CMSComputersMVC", "CMSComputersMVC\CMSComputersMVC.csproj", "{7770C877-5D6F-464E-9331-0BB14942B471}"
EndProject
Project("{9A19103F-16F7-4668-BE54-9A1E7A4F7556}") = "CMSComputersASPCORE", "CMSComputersASPCORE\CMSComputersASPCORE.csproj", "{256FFE8C-B6B9-4B44-B950-AAFD882BDD92}"
EndProject
Project("{2150E333-8FDC-42A3-9474-1A3956D46DE8}") = "Documentation", "Documentation", "{96C8D99C-C8DE-43E6-B527-C6B76497476D}"
	ProjectSection(SolutionItems) = preProject
		Needs.txt = Needs.txt
	EndProjectSection
EndProject
Global
	GlobalSection(SolutionConfigurationPlatforms) = preSolution
		Debug|Any CPU = Debug|Any CPU
		Release|Any CPU = Release|Any CPU
	EndGlobalSection
	GlobalSection(ProjectConfigurationPlatforms) = postSolution
		{482E0423-D903-49DE-BA85-D78D13B78533}.Debug|Any CPU.ActiveCfg = Debug|Any CPU
		{482E0423-D903-49DE-BA85-D78D13B78533}.Debug|Any CPU.Build.0 = Debug|Any CPU
		{482E0423-D903-49DE-BA85-D78D13B78533}.Release|Any CPU.ActiveCfg = Release|Any CPU
		{482E0423-D903-49DE-BA85-D78D13B78533}.Release|Any CPU.Build.0 = Release|Any CPU
		{6BDF2089-E6ED-4605-80CA-B45516A042E7}.Debug|Any CPU.ActiveCfg = Debug|Any CPU
		{6BDF2089-E6ED-4605-80CA-B45516A042E7}.Debug|Any CPU.Build.0 = Debug|Any CPU
		{6BDF2089-E6ED-4605-80CA-B45516A042E7}.Release|Any CPU.ActiveCfg = Release|Any CPU
		{6BDF2089-E6ED-4605-80CA-B45516A042E7}.Release|Any CPU.Build.0 = Release|Any CPU
		{E559D78A-0E87-4FE6-A00F-EBB276BB4901}.Debug|Any CPU.ActiveCfg = Debug|Any CPU
		{E559D78A-0E87-4FE6-A00F-EBB276BB4901}.Debug|Any CPU.Build.0 = Debug|Any CPU
		{E559D78A-0E87-4FE6-A00F-EBB276BB4901}.Release|Any CPU.ActiveCfg = Release|Any CPU
		{E559D78A-0E87-4FE6-A00F-EBB276BB4901}.Release|Any CPU.Build.0 = Release|Any CPU
		{28C16402-14FA-452F-8708-06DE7C43866E}.Debug|Any CPU.ActiveCfg = Debug|Any CPU
		{28C16402-14FA-452F-8708-06DE7C43866E}.Debug|Any CPU.Build.0 = Debug|Any CPU
		{28C16402-14FA-452F-8708-06DE7C43866E}.Release|Any CPU.ActiveCfg = Release|Any CPU
		{28C16402-14FA-452F-8708-06DE7C43866E}.Release|Any CPU.Build.0 = Release|Any CPU
		{7770C877-5D6F-464E-9331-0BB14942B471}.Debug|Any CPU.ActiveCfg = Debug|Any CPU
		{7770C877-5D6F-464E-9331-0BB14942B471}.Debug|Any CPU.Build.0 = Debug|Any CPU
		{7770C877-5D6F-464E-9331-0BB14942B471}.Release|Any CPU.ActiveCfg = Release|Any CPU
		{7770C877-5D6F-464E-9331-0BB14942B471}.Release|Any CPU.Build.0 = Release|Any CPU
		{256FFE8C-B6B9-4B44-B950-AAFD882BDD92}.Debug|Any CPU.ActiveCfg = Debug|Any CPU
		{256FFE8C-B6B9-4B44-B950-AAFD882BDD92}.Debug|Any CPU.Build.0 = Debug|Any CPU
		{256FFE8C-B6B9-4B44-B950-AAFD882BDD92}.Release|Any CPU.ActiveCfg = Release|Any CPU
		{256FFE8C-B6B9-4B44-B950-AAFD882BDD92}.Release|Any CPU.Build.0 = Release|Any CPU
	EndGlobalSection
	GlobalSection(SolutionProperties) = preSolution
		HideSolutionNode = FALSE
	EndGlobalSection
	GlobalSection(ExtensibilityGlobals) = postSolution
		SolutionGuid = {21551897-1871-4F3B-BE10-4D2B5C10453C}
	EndGlobalSection
EndGlobal
